
Microsoft Visual Studio Solution File, Format Version 11.00
# Visual Studio 2010
Project("{FAE04EC0-301F-11D3-BF4B-00C04F79EFBC}") = "DependencyResolver", "DependencyResolver\DependencyResolver.csproj", "{B96FFE7A-FB56-46B6-B808-43615CF335BF}"
EndProject
Project("{FAE04EC0-301F-11D3-BF4B-00C04F79EFBC}") = "DependencyResolver.Test", "DependencyResolver.Test\DependencyResolver.Test.csproj", "{AB6A12DB-CE26-42D4-A978-8A994789E3E8}"
EndProject
Project("{2150E333-8FDC-42A3-9474-1A3956D46DE8}") = "Solution Items", "Solution Items", "{BE081316-4340-4BFD-AA57-3C17C2458A84}"
	ProjectSection(SolutionItems) = preProject
		DependencyResolver.vsmdi = DependencyResolver.vsmdi
		Local.testsettings = Local.testsettings
		TraceAndTestImpact.testsettings = TraceAndTestImpact.testsettings
	EndProjectSection
EndProject
Global
	GlobalSection(TestCaseManagementSettings) = postSolution
		CategoryFile = DependencyResolver.vsmdi
	EndGlobalSection
	GlobalSection(SolutionConfigurationPlatforms) = preSolution
		Debug|Any CPU = Debug|Any CPU
		Release|Any CPU = Release|Any CPU
	EndGlobalSection
	GlobalSection(ProjectConfigurationPlatforms) = postSolution
		{B96FFE7A-FB56-46B6-B808-43615CF335BF}.Debug|Any CPU.ActiveCfg = Debug|Any CPU
		{B96FFE7A-FB56-46B6-B808-43615CF335BF}.Debug|Any CPU.Build.0 = Debug|Any CPU
		{B96FFE7A-FB56-46B6-B808-43615CF335BF}.Release|Any CPU.ActiveCfg = Release|Any CPU
		{B96FFE7A-FB56-46B6-B808-43615CF335BF}.Release|Any CPU.Build.0 = Release|Any CPU
		{AB6A12DB-CE26-42D4-A978-8A994789E3E8}.Debug|Any CPU.ActiveCfg = Debug|Any CPU
		{AB6A12DB-CE26-42D4-A978-8A994789E3E8}.Debug|Any CPU.Build.0 = Debug|Any CPU
		{AB6A12DB-CE26-42D4-A978-8A994789E3E8}.Release|Any CPU.ActiveCfg = Release|Any CPU
		{AB6A12DB-CE26-42D4-A978-8A994789E3E8}.Release|Any CPU.Build.0 = Release|Any CPU
	EndGlobalSection
	GlobalSection(SolutionProperties) = preSolution
		HideSolutionNode = FALSE
	EndGlobalSection
EndGlobal
